
Microsoft Visual Studio Solution File, Format Version 12.00
# Visual Studio Version 17
VisualStudioVersion = 17.5.002.0
MinimumVisualStudioVersion = 10.0.40219.1
Project("{9A19103F-16F7-4668-BE54-9A1E7A4F7556}") = "rabbitmq", "rabbitmq\rabbitmq.csproj", "{E273D816-DBCA-402C-A979-5AD984C04B93}"
EndProject
Project("{9A19103F-16F7-4668-BE54-9A1E7A4F7556}") = "TodoApi", "TodoApi\TodoApi.csproj", "{CDDB08EB-3E9F-4A6C-9E4D-3983E977A178}"
EndProject
Global
	GlobalSection(SolutionConfigurationPlatforms) = preSolution
		Debug|Any CPU = Debug|Any CPU
		Release|Any CPU = Release|Any CPU
	EndGlobalSection
	GlobalSection(ProjectConfigurationPlatforms) = postSolution
		{E273D816-DBCA-402C-A979-5AD984C04B93}.Debug|Any CPU.ActiveCfg = Debug|Any CPU
		{E273D816-DBCA-402C-A979-5AD984C04B93}.Debug|Any CPU.Build.0 = Debug|Any CPU
		{E273D816-DBCA-402C-A979-5AD984C04B93}.Release|Any CPU.ActiveCfg = Release|Any CPU
		{E273D816-DBCA-402C-A979-5AD984C04B93}.Release|Any CPU.Build.0 = Release|Any CPU
		{CDDB08EB-3E9F-4A6C-9E4D-3983E977A178}.Debug|Any CPU.ActiveCfg = Debug|Any CPU
		{CDDB08EB-3E9F-4A6C-9E4D-3983E977A178}.Debug|Any CPU.Build.0 = Debug|Any CPU
		{CDDB08EB-3E9F-4A6C-9E4D-3983E977A178}.Release|Any CPU.ActiveCfg = Release|Any CPU
		{CDDB08EB-3E9F-4A6C-9E4D-3983E977A178}.Release|Any CPU.Build.0 = Release|Any CPU
	EndGlobalSection
	GlobalSection(SolutionProperties) = preSolution
		HideSolutionNode = FALSE
	EndGlobalSection
	GlobalSection(ExtensibilityGlobals) = postSolution
		SolutionGuid = {DC15497A-A67A-4BC0-8BFE-26138D0F8707}
	EndGlobalSection
EndGlobal
